{
    "version": 3,
    "terraform_version": "0.10.6",
    "serial": 2,
    "lineage": "5b824b3e-7883-494b-bf53-5638ecfe3e7f",
    "modules": [
        {
            "path": [
                "root"
            ],
            "outputs": {},
            "resources": {
                "digitalocean_droplet.web": {
                    "type": "digitalocean_droplet",
                    "depends_on": [],
                    "primary": {
                        "id": "64190997",
                        "attributes": {
                            "disk": "20",
                            "id": "64190997",
                            "image": "ubuntu-14-04-x64",
                            "ipv4_address": "138.197.198.215",
                            "locked": "false",
                            "name": "denny-vm1-1",
                            "price_hourly": "0.00744",
                            "price_monthly": "5",
                            "region": "sfo2",
                            "resize_disk": "true",
                            "size": "512mb",
                            "status": "active",
                            "tags.#": "0",
                            "vcpus": "1"
                        },
                        "meta": {},
                        "tainted": false
                    },
                    "deposed": [],
                    "provider": ""
                }
            },
            "depends_on": []
        }
    ]
}
