{
    "version": 3,
    "terraform_version": "0.10.6",
    "serial": 7,
    "lineage": "5b824b3e-7883-494b-bf53-5638ecfe3e7f",
    "modules": [
        {
            "path": [
                "root"
            ],
            "outputs": {},
            "resources": {
                "digitalocean_droplet.elasticsearch": {
                    "type": "digitalocean_droplet",
                    "depends_on": [],
                    "primary": {
                        "id": "64349748",
                        "attributes": {
                            "disk": "20",
                            "id": "64349748",
                            "image": "ubuntu-14-04-x64",
                            "ipv4_address": "138.68.247.92",
                            "locked": "false",
                            "name": "denny-es-test1",
                            "price_hourly": "0.00744",
                            "price_monthly": "5",
                            "region": "sfo2",
                            "resize_disk": "true",
                            "size": "512mb",
                            "ssh_keys.#": "3",
                            "ssh_keys.0": "1968722",
                            "ssh_keys.1": "979830",
                            "ssh_keys.2": "812123",
                            "status": "active",
                            "tags.#": "0",
                            "user_data": "#cloud-config\nruncmd:\n  - touch /tmp/a.txt",
                            "vcpus": "1"
                        },
                        "meta": {},
                        "tainted": false
                    },
                    "deposed": [],
                    "provider": ""
                }
            },
            "depends_on": []
        }
    ]
}
